
Microsoft Visual Studio Solution File, Format Version 12.00
# Visual Studio Version 17
VisualStudioVersion = 17.14.36203.30 d17.14
MinimumVisualStudioVersion = 10.0.40219.1
Project("{FAE04EC0-301F-11D3-BF4B-00C04F79EFBC}") = "PersonalFinanceApp", "PersonalFinanceApp\PersonalFinanceApp.csproj", "{33C23C7D-E580-4EA1-B759-C5D47CF2AC20}"
EndProject
Global
	GlobalSection(SolutionConfigurationPlatforms) = preSolution
		Debug|Any CPU = Debug|Any CPU
		Release|Any CPU = Release|Any CPU
	EndGlobalSection
	GlobalSection(ProjectConfigurationPlatforms) = postSolution
		{33C23C7D-E580-4EA1-B759-C5D47CF2AC20}.Debug|Any CPU.ActiveCfg = Debug|Any CPU
		{33C23C7D-E580-4EA1-B759-C5D47CF2AC20}.Debug|Any CPU.Build.0 = Debug|Any CPU
		{33C23C7D-E580-4EA1-B759-C5D47CF2AC20}.Release|Any CPU.ActiveCfg = Release|Any CPU
		{33C23C7D-E580-4EA1-B759-C5D47CF2AC20}.Release|Any CPU.Build.0 = Release|Any CPU
	EndGlobalSection
	GlobalSection(SolutionProperties) = preSolution
		HideSolutionNode = FALSE
	EndGlobalSection
	GlobalSection(ExtensibilityGlobals) = postSolution
		SolutionGuid = {82ABE6A8-DD84-447A-A384-2DC00B05DEB1}
	EndGlobalSection
EndGlobal
